
Microsoft Visual Studio Solution File, Format Version 12.00
# Visual Studio Version 17
VisualStudioVersion = 17.3.32819.101
MinimumVisualStudioVersion = 10.0.40219.1
Project("{FAE04EC0-301F-11D3-BF4B-00C04F79EFBC}") = "oppes", "oppes.csproj", "{EF4181A9-B76C-4A87-84D9-492C89E2DA5E}"
EndProject
Global
	GlobalSection(SolutionConfigurationPlatforms) = preSolution
		Debug|Any CPU = Debug|Any CPU
		Release|Any CPU = Release|Any CPU
	EndGlobalSection
	GlobalSection(ProjectConfigurationPlatforms) = postSolution
		{EF4181A9-B76C-4A87-84D9-492C89E2DA5E}.Debug|Any CPU.ActiveCfg = Debug|Any CPU
		{EF4181A9-B76C-4A87-84D9-492C89E2DA5E}.Debug|Any CPU.Build.0 = Debug|Any CPU
		{EF4181A9-B76C-4A87-84D9-492C89E2DA5E}.Release|Any CPU.ActiveCfg = Release|Any CPU
		{EF4181A9-B76C-4A87-84D9-492C89E2DA5E}.Release|Any CPU.Build.0 = Release|Any CPU
	EndGlobalSection
	GlobalSection(SolutionProperties) = preSolution
		HideSolutionNode = FALSE
	EndGlobalSection
	GlobalSection(ExtensibilityGlobals) = postSolution
		SolutionGuid = {34AAD93E-F8A0-4180-9280-D4D84DDA232C}
	EndGlobalSection
EndGlobal
